<?xml version="1.0" encoding="UTF-8" standalone="yes" ?>
<CodeBlocks_project_file>
	<FileVersion major="1" minor="6" />
	<Project>
		<Option title="PearlEngine" />
		<Option pch_mode="2" />
		<Option compiler="gcc" />
		<Build>
			<Target title="Debug">
				<Option output="../build/pearl-engine-debug" prefix_auto="1" extension_auto="1" />
				<Option working_dir="../build/" />
				<Option object_output="../build/obj/" />
				<Option type="1" />
				<Option compiler="gcc" />
				<Compiler>
					<Add option="-pedantic" />
					<Add option="-Wextra" />
					<Add option="-Wall" />
					<Add option="-std=c++11" />
					<Add option="-g" />
					<Add directory="../../../../../Program Files (x86)/CodeBlocks/SDL2/i686-w64-mingw32/include" />
				</Compiler>
				<Linker>
					<Add option="-lmingw32 -lSDL2main -lSDL2 -lSDL2_image -lSDL2_ttf" />
					<Add directory="../../../../../Program Files (x86)/CodeBlocks/SDL2/i686-w64-mingw32/lib" />
				</Linker>
			</Target>
			<Target title="Release">
				<Option output="../build/pearl-engine" prefix_auto="1" extension_auto="1" />
				<Option working_dir="../build/" />
				<Option object_output="../build/obj/" />
				<Option type="1" />
				<Option compiler="gcc" />
				<Compiler>
					<Add option="-O3" />
					<Add option="-std=c++11" />
					<Add directory="../../../../../Program Files (x86)/CodeBlocks/SDL2/i686-w64-mingw32/include" />
				</Compiler>
				<Linker>
					<Add option="-O3" />
					<Add option="-lmingw32 -lSDL2main -lSDL2 -lSDL2_image -lSDL2_ttf" />
					<Add directory="../../../../../Program Files (x86)/CodeBlocks/SDL2/i686-w64-mingw32/lib" />
				</Linker>
			</Target>
		</Build>
		<Compiler>
			<Add option="-Wall" />
		</Compiler>
		<Unit filename="../CMakeLists.txt">
			<Option target="Release" />
		</Unit>
		<Unit filename="../LICENSE.txt">
			<Option target="Release" />
		</Unit>
		<Unit filename="../src/PRL.h" />
		<Unit filename="../src/PRL_HUD.cpp" />
		<Unit filename="../src/PRL_HUD.h" />
		<Unit filename="../src/PRL_animation.cpp" />
		<Unit filename="../src/PRL_animation.h" />
		<Unit filename="../src/PRL_camera.cpp" />
		<Unit filename="../src/PRL_camera.h" />
		<Unit filename="../src/PRL_collision.cpp" />
		<Unit filename="../src/PRL_collision.h" />
		<Unit filename="../src/PRL_configuration.cpp" />
		<Unit filename="../src/PRL_configuration.h" />
		<Unit filename="../src/PRL_defines.h" />
		<Unit filename="../src/PRL_display.cpp" />
		<Unit filename="../src/PRL_display.h" />
		<Unit filename="../src/PRL_global.h" />
		<Unit filename="../src/PRL_handler.cpp" />
		<Unit filename="../src/PRL_handler.h" />
		<Unit filename="../src/PRL_input.cpp" />
		<Unit filename="../src/PRL_input.h" />
		<Unit filename="../src/PRL_math.cpp" />
		<Unit filename="../src/PRL_math.h" />
		<Unit filename="../src/PRL_testzone.cpp" />
		<Unit filename="../src/PRL_testzone.h" />
		<Unit filename="../src/PRL_text.cpp" />
		<Unit filename="../src/PRL_text.h" />
		<Unit filename="../src/PRL_time.cpp" />
		<Unit filename="../src/PRL_time.h" />
		<Unit filename="../src/PRL_types.cpp" />
		<Unit filename="../src/PRL_types.h" />
		<Unit filename="../src/main.cpp" />
		<Extensions>
			<code_completion />
			<envvars />
			<debugger />
			<DoxyBlocks>
				<comment_style block="1" line="1" />
				<doxyfile_project output_directory="doc" />
				<doxyfile_build extract_all="1" />
				<doxyfile_warnings />
				<doxyfile_output html="0" latex="1" />
				<doxyfile_dot />
				<general />
			</DoxyBlocks>
		</Extensions>
	</Project>
</CodeBlocks_project_file>
